
Microsoft Visual Studio Solution File, Format Version 12.00
# Visual Studio Version 16
VisualStudioVersion = 16.0.31313.79
MinimumVisualStudioVersion = 15.0.26124.0
Project("{9A19103F-16F7-4668-BE54-9A1E7A4F7556}") = "Stint", "Stint\Stint.csproj", "{ADA80539-AE17-4908-806D-39D697AEB06F}"
EndProject
Project("{9A19103F-16F7-4668-BE54-9A1E7A4F7556}") = "Stint.Cli", "Stint.Cli\Stint.Cli.csproj", "{64C04914-9B3C-49CF-A98C-78139EDBFF02}"
EndProject
Project("{9A19103F-16F7-4668-BE54-9A1E7A4F7556}") = "Stint.Tests", "Stint.Tests\Stint.Tests.csproj", "{07DB0D04-B0F3-42F9-8620-75A713F3848E}"
EndProject
Project("{2150E333-8FDC-42A3-9474-1A3956D46DE8}") = "Solution Items", "Solution Items", "{5C475EB7-22FE-4D6B-A9FD-190F3DC27FA5}"
	ProjectSection(SolutionItems) = preProject
		global.json = global.json
		..\README.md = ..\README.md
	EndProjectSection
EndProject
Global
	GlobalSection(SolutionConfigurationPlatforms) = preSolution
		Debug|Any CPU = Debug|Any CPU
		Debug|x64 = Debug|x64
		Debug|x86 = Debug|x86
		Release|Any CPU = Release|Any CPU
		Release|x64 = Release|x64
		Release|x86 = Release|x86
	EndGlobalSection
	GlobalSection(ProjectConfigurationPlatforms) = postSolution
		{ADA80539-AE17-4908-806D-39D697AEB06F}.Debug|Any CPU.ActiveCfg = Debug|Any CPU
		{ADA80539-AE17-4908-806D-39D697AEB06F}.Debug|Any CPU.Build.0 = Debug|Any CPU
		{ADA80539-AE17-4908-806D-39D697AEB06F}.Debug|x64.ActiveCfg = Debug|Any CPU
		{ADA80539-AE17-4908-806D-39D697AEB06F}.Debug|x64.Build.0 = Debug|Any CPU
		{ADA80539-AE17-4908-806D-39D697AEB06F}.Debug|x86.ActiveCfg = Debug|Any CPU
		{ADA80539-AE17-4908-806D-39D697AEB06F}.Debug|x86.Build.0 = Debug|Any CPU
		{ADA80539-AE17-4908-806D-39D697AEB06F}.Release|Any CPU.ActiveCfg = Release|Any CPU
		{ADA80539-AE17-4908-806D-39D697AEB06F}.Release|Any CPU.Build.0 = Release|Any CPU
		{ADA80539-AE17-4908-806D-39D697AEB06F}.Release|x64.ActiveCfg = Release|Any CPU
		{ADA80539-AE17-4908-806D-39D697AEB06F}.Release|x64.Build.0 = Release|Any CPU
		{ADA80539-AE17-4908-806D-39D697AEB06F}.Release|x86.ActiveCfg = Release|Any CPU
		{ADA80539-AE17-4908-806D-39D697AEB06F}.Release|x86.Build.0 = Release|Any CPU
		{64C04914-9B3C-49CF-A98C-78139EDBFF02}.Debug|Any CPU.ActiveCfg = Debug|Any CPU
		{64C04914-9B3C-49CF-A98C-78139EDBFF02}.Debug|Any CPU.Build.0 = Debug|Any CPU
		{64C04914-9B3C-49CF-A98C-78139EDBFF02}.Debug|x64.ActiveCfg = Debug|Any CPU
		{64C04914-9B3C-49CF-A98C-78139EDBFF02}.Debug|x64.Build.0 = Debug|Any CPU
		{64C04914-9B3C-49CF-A98C-78139EDBFF02}.Debug|x86.ActiveCfg = Debug|Any CPU
		{64C04914-9B3C-49CF-A98C-78139EDBFF02}.Debug|x86.Build.0 = Debug|Any CPU
		{64C04914-9B3C-49CF-A98C-78139EDBFF02}.Release|Any CPU.ActiveCfg = Release|Any CPU
		{64C04914-9B3C-49CF-A98C-78139EDBFF02}.Release|Any CPU.Build.0 = Release|Any CPU
		{64C04914-9B3C-49CF-A98C-78139EDBFF02}.Release|x64.ActiveCfg = Release|Any CPU
		{64C04914-9B3C-49CF-A98C-78139EDBFF02}.Release|x64.Build.0 = Release|Any CPU
		{64C04914-9B3C-49CF-A98C-78139EDBFF02}.Release|x86.ActiveCfg = Release|Any CPU
		{64C04914-9B3C-49CF-A98C-78139EDBFF02}.Release|x86.Build.0 = Release|Any CPU
		{07DB0D04-B0F3-42F9-8620-75A713F3848E}.Debug|Any CPU.ActiveCfg = Debug|Any CPU
		{07DB0D04-B0F3-42F9-8620-75A713F3848E}.Debug|Any CPU.Build.0 = Debug|Any CPU
		{07DB0D04-B0F3-42F9-8620-75A713F3848E}.Debug|x64.ActiveCfg = Debug|Any CPU
		{07DB0D04-B0F3-42F9-8620-75A713F3848E}.Debug|x64.Build.0 = Debug|Any CPU
		{07DB0D04-B0F3-42F9-8620-75A713F3848E}.Debug|x86.ActiveCfg = Debug|Any CPU
		{07DB0D04-B0F3-42F9-8620-75A713F3848E}.Debug|x86.Build.0 = Debug|Any CPU
		{07DB0D04-B0F3-42F9-8620-75A713F3848E}.Release|Any CPU.ActiveCfg = Release|Any CPU
		{07DB0D04-B0F3-42F9-8620-75A713F3848E}.Release|Any CPU.Build.0 = Release|Any CPU
		{07DB0D04-B0F3-42F9-8620-75A713F3848E}.Release|x64.ActiveCfg = Release|Any CPU
		{07DB0D04-B0F3-42F9-8620-75A713F3848E}.Release|x64.Build.0 = Release|Any CPU
		{07DB0D04-B0F3-42F9-8620-75A713F3848E}.Release|x86.ActiveCfg = Release|Any CPU
		{07DB0D04-B0F3-42F9-8620-75A713F3848E}.Release|x86.Build.0 = Release|Any CPU
	EndGlobalSection
	GlobalSection(SolutionProperties) = preSolution
		HideSolutionNode = FALSE
	EndGlobalSection
	GlobalSection(ExtensibilityGlobals) = postSolution
		SolutionGuid = {B54954F8-B799-41A9-9CE6-36FE46FA7A24}
	EndGlobalSection
EndGlobal
